// !$*UTF8*$!
{
	archiveVersion = 1;
	classes = {
	};
	objectVersion = 46;
	objects = {

/* Begin PBXAggregateTarget section */
		CACFC56B0D19E1AE709B9703 /* PhaserTestProject - All */ = {
			isa = PBXAggregateTarget;
			buildConfigurationList = 04DC932E941BC1EA3EBF0E84;
			buildPhases = (
			);
			dependencies = (
				B9F70CB0BF0256624B8798B1,
				E457CD6E7513C4CCB7DE1E46,
				C27743592255F8EF46F64185,
			);
			name = "PhaserTestProject - All";
			productName = PhaserTestProject;
		};
/* End PBXAggregateTarget section */

/* Begin PBXBuildFile section */
		01B82B3E60B62969B5B1F905 /* include_juce_audio_plugin_client_VST3.cpp */ = {isa = PBXBuildFile; fileRef = B2CFE64300B3BFB5B24E1BEA; };
		0A220C391F4F98FE7DC8A680 /* Cocoa.framework */ = {isa = PBXBuildFile; fileRef = F53BF3D3679032098638226E; };
		1AEE399ABE80F6C184396EE0 /* include_juce_audio_plugin_client_VST_utils.mm */ = {isa = PBXBuildFile; fileRef = F18CC51C6CDA35B55F28F5BA; };
		1E6D82F4F523003497FD82DD /* include_juce_audio_plugin_client_utils.cpp */ = {isa = PBXBuildFile; fileRef = 9B939D00D12CE97F9A394810; };
		2B963E03FB5C1F98709A95A0 /* include_juce_audio_basics.mm */ = {isa = PBXBuildFile; fileRef = 08EF465B7D1F92FB75F19FAB; };
		2FC4E54BDE8F56AD7A34ED8A /* include_juce_audio_processors.mm */ = {isa = PBXBuildFile; fileRef = 7EB1ED275273E7B3AA838B18; };
		3408E2077B2A9DEA869DC3B9 /* QuartzCore.framework */ = {isa = PBXBuildFile; fileRef = AF8FDF8AD56601854F613F81; };
		41DDCF27D71260CC973D0DD7 /* PluginProcessor.cpp */ = {isa = PBXBuildFile; fileRef = F57C77DF03CB8E4680CCBA3D; };
		430F60B3D358BA2EE3C802AA /* include_juce_gui_extra.mm */ = {isa = PBXBuildFile; fileRef = DE55EFE4C56712500A6579A4; };
		443B7A305AC3F8F21059F085 /* DiscRecording.framework */ = {isa = PBXBuildFile; fileRef = 2D0BD287638739B1EA9095D7; };
		5CBF7A11FEC083FD6629D0C7 /* include_juce_gui_basics.mm */ = {isa = PBXBuildFile; fileRef = 1EFADDB92A97CF57D9EF485C; };
		68C7A3947387472A239FA046 /* VST3 */ = {isa = PBXBuildFile; fileRef = ABEE02108572953A638C1234; };
		839B70797B73B91DF751F96A /* RecentFilesMenuTemplate.nib */ = {isa = PBXBuildFile; fileRef = 89D946EAF2B026CD28503D51; };
		8A1B776D09FCC6BD148BC379 /* Accelerate.framework */ = {isa = PBXBuildFile; fileRef = E841B79A66BD63053057FD25; };
		8B4F45CE2D20CA41904E725F /* include_juce_audio_plugin_client_Standalone.cpp */ = {isa = PBXBuildFile; fileRef = 6C228929337158712374510D; };
		8C5E98F2F9738085B74BC61E /* PluginEditor.cpp */ = {isa = PBXBuildFile; fileRef = 529CD1AC1145579A8B99B501; };
		8EF6BA67AB0F0D38263C1B21 /* Carbon.framework */ = {isa = PBXBuildFile; fileRef = 9DAD26BC91CD74209E543F30; };
		95835F8322FEB698D4EB2B3B /* CoreAudio.framework */ = {isa = PBXBuildFile; fileRef = 39F89767BF8B75B9E9E21107; };
		9821355C7E0F1D9AC0E6929A /* include_juce_audio_devices.mm */ = {isa = PBXBuildFile; fileRef = 43279F8B89B39955A3083703; };
		A5119E4E11D3D03BF0FEA9A9 /* include_juce_core.mm */ = {isa = PBXBuildFile; fileRef = C398219D8EDD9CFF15222737; };
		A57EB25EB16EEA113C56ADAF /* include_juce_graphics.mm */ = {isa = PBXBuildFile; fileRef = EF034AF73045A70B48CE8362; };
		A9504106A7E9A13C1EBAB7D2 /* include_juce_audio_utils.mm */ = {isa = PBXBuildFile; fileRef = 5B6BAAA69ED5E138894F01E9; };
		B2BE16DB3BD98231FE9DF98F /* IOKit.framework */ = {isa = PBXBuildFile; fileRef = 5021B26A347373E4CD0964C7; };
		B46F69030A2F1D6D2BF86590 /* include_juce_data_structures.mm */ = {isa = PBXBuildFile; fileRef = 5427255787130F8F96C49790; };
		B495FD4CE6129B4AC1301C3A /* Standalone Plugin */ = {isa = PBXBuildFile; fileRef = 2A3B5F247ACD71FC152456D8; };
		B914B9EE5A6EEAA0FF37BB63 /* include_juce_audio_formats.mm */ = {isa = PBXBuildFile; fileRef = E3DFD4007AECAB7D707C3441; };
		C5E91867A2E719BE2452AA95 /* CoreAudioKit.framework */ = {isa = PBXBuildFile; fileRef = 3DA193D3F41A829FC2F62F01; };
		C81AB47C8D974873369D0AB3 /* include_juce_events.mm */ = {isa = PBXBuildFile; fileRef = 31752E553DAA2049AFE7DB7D; };
		CAFE01F97A960F691F98A5AF /* Shared Code */ = {isa = PBXBuildFile; fileRef = 26759C051FE3749BD6A9F552; };
		DACA3D057F9284689941EEC1 /* Foundation.framework */ = {isa = PBXBuildFile; fileRef = 72DD1A6679A33DEB523095C2; };
		EB062B3F60B58B8B237FCD95 /* CoreMIDI.framework */ = {isa = PBXBuildFile; fileRef = 8002EE21988CA9AE5E8D620E; };
		EDAE06788E228B9E312AD1B7 /* AudioToolbox.framework */ = {isa = PBXBuildFile; fileRef = 40B147DA7886344DF4BA0CE4; };
		F355810D072B097A6C11674F /* WebKit.framework */ = {isa = PBXBuildFile; fileRef = 55EBBB54130EF157AB80A0EC; };
/* End PBXBuildFile section */

/* Begin PBXFileReference section */
		08EF465B7D1F92FB75F19FAB /* include_juce_audio_basics.mm */ /* include_juce_audio_basics.mm */ = {isa = PBXFileReference; lastKnownFileType = sourcecode.cpp.objcpp; name = include_juce_audio_basics.mm; path = ../../JuceLibraryCode/include_juce_audio_basics.mm; sourceTree = SOURCE_ROOT; };
		0A249E18E966E094F6B4F243 /* juce_gui_extra */ /* juce_gui_extra */ = {isa = PBXFileReference; lastKnownFileType = folder; name = juce_gui_extra; path = "~/JUCE/modules/juce_gui_extra"; sourceTree = "<absolute>"; };
		1EFADDB92A97CF57D9EF485C /* include_juce_gui_basics.mm */ /* include_juce_gui_basics.mm */ = {isa = PBXFileReference; lastKnownFileType = sourcecode.cpp.objcpp; name = include_juce_gui_basics.mm; path = ../../JuceLibraryCode/include_juce_gui_basics.mm; sourceTree = SOURCE_ROOT; };
		21351CAFA2CAD61B32A5E932 /* juce_audio_utils */ /* juce_audio_utils */ = {isa = PBXFileReference; lastKnownFileType = folder; name = juce_audio_utils; path = "~/JUCE/modules/juce_audio_utils"; sourceTree = "<absolute>"; };
		24E597B2024D211747618799 /* juce_audio_devices */ /* juce_audio_devices */ = {isa = PBXFileReference; lastKnownFileType = folder; name = juce_audio_devices; path = "~/JUCE/modules/juce_audio_devices"; sourceTree = "<absolute>"; };
		26759C051FE3749BD6A9F552 /* Shared Code */ = {isa = PBXFileReference; explicitFileType = archive.ar; includeInIndex = 0; path = libPhaserTestProject.a; sourceTree = BUILT_PRODUCTS_DIR; };
		2A3B5F247ACD71FC152456D8 /* Standalone Plugin */ = {isa = PBXFileReference; explicitFileType = wrapper.application; includeInIndex = 0; path = PhaserTestProject.app; sourceTree = BUILT_PRODUCTS_DIR; };
		2D0BD287638739B1EA9095D7 /* DiscRecording.framework */ /* DiscRecording.framework */ = {isa = PBXFileReference; lastKnownFileType = wrapper.framework; name = DiscRecording.framework; path = System/Library/Frameworks/DiscRecording.framework; sourceTree = SDKROOT; };
		31752E553DAA2049AFE7DB7D /* include_juce_events.mm */ /* include_juce_events.mm */ = {isa = PBXFileReference; lastKnownFileType = sourcecode.cpp.objcpp; name = include_juce_events.mm; path = ../../JuceLibraryCode/include_juce_events.mm; sourceTree = SOURCE_ROOT; };
		37B9942F0A784C40974B1877 /* juce_audio_basics */ /* juce_audio_basics */ = {isa = PBXFileReference; lastKnownFileType = folder; name = juce_audio_basics; path = "~/JUCE/modules/juce_audio_basics"; sourceTree = "<absolute>"; };
		39F89767BF8B75B9E9E21107 /* CoreAudio.framework */ /* CoreAudio.framework */ = {isa = PBXFileReference; lastKnownFileType = wrapper.framework; name = CoreAudio.framework; path = System/Library/Frameworks/CoreAudio.framework; sourceTree = SDKROOT; };
		3DA193D3F41A829FC2F62F01 /* CoreAudioKit.framework */ /* CoreAudioKit.framework */ = {isa = PBXFileReference; lastKnownFileType = wrapper.framework; name = CoreAudioKit.framework; path = System/Library/Frameworks/CoreAudioKit.framework; sourceTree = SDKROOT; };
		40B147DA7886344DF4BA0CE4 /* AudioToolbox.framework */ /* AudioToolbox.framework */ = {isa = PBXFileReference; lastKnownFileType = wrapper.framework; name = AudioToolbox.framework; path = System/Library/Frameworks/AudioToolbox.framework; sourceTree = SDKROOT; };
		43279F8B89B39955A3083703 /* include_juce_audio_devices.mm */ /* include_juce_audio_devices.mm */ = {isa = PBXFileReference; lastKnownFileType = sourcecode.cpp.objcpp; name = include_juce_audio_devices.mm; path = ../../JuceLibraryCode/include_juce_audio_devices.mm; sourceTree = SOURCE_ROOT; };
		5021B26A347373E4CD0964C7 /* IOKit.framework */ /* IOKit.framework */ = {isa = PBXFileReference; lastKnownFileType = wrapper.framework; name = IOKit.framework; path = System/Library/Frameworks/IOKit.framework; sourceTree = SDKROOT; };
		529CD1AC1145579A8B99B501 /* PluginEditor.cpp */ /* PluginEditor.cpp */ = {isa = PBXFileReference; lastKnownFileType = sourcecode.cpp.cpp; name = PluginEditor.cpp; path = ../../Source/PluginEditor.cpp; sourceTree = SOURCE_ROOT; };
		5427255787130F8F96C49790 /* include_juce_data_structures.mm */ /* include_juce_data_structures.mm */ = {isa = PBXFileReference; lastKnownFileType = sourcecode.cpp.objcpp; name = include_juce_data_structures.mm; path = ../../JuceLibraryCode/include_juce_data_structures.mm; sourceTree = SOURCE_ROOT; };
		55EBBB54130EF157AB80A0EC /* WebKit.framework */ /* WebKit.framework */ = {isa = PBXFileReference; lastKnownFileType = wrapper.framework; name = WebKit.framework; path = System/Library/Frameworks/WebKit.framework; sourceTree = SDKROOT; };
		5B6BAAA69ED5E138894F01E9 /* include_juce_audio_utils.mm */ /* include_juce_audio_utils.mm */ = {isa = PBXFileReference; lastKnownFileType = sourcecode.cpp.objcpp; name = include_juce_audio_utils.mm; path = ../../JuceLibraryCode/include_juce_audio_utils.mm; sourceTree = SOURCE_ROOT; };
		5C60809DF77581672AA53B32 /* Info-Standalone_Plugin.plist */ /* Info-Standalone_Plugin.plist */ = {isa = PBXFileReference; lastKnownFileType = text.plist.xml; name = "Info-Standalone_Plugin.plist"; path = "Info-Standalone_Plugin.plist"; sourceTree = SOURCE_ROOT; };
		6C228929337158712374510D /* include_juce_audio_plugin_client_Standalone.cpp */ /* include_juce_audio_plugin_client_Standalone.cpp */ = {isa = PBXFileReference; lastKnownFileType = sourcecode.cpp.cpp; name = include_juce_audio_plugin_client_Standalone.cpp; path = ../../JuceLibraryCode/include_juce_audio_plugin_client_Standalone.cpp; sourceTree = SOURCE_ROOT; };
		72DD1A6679A33DEB523095C2 /* Foundation.framework */ /* Foundation.framework */ = {isa = PBXFileReference; lastKnownFileType = wrapper.framework; name = Foundation.framework; path = System/Library/Frameworks/Foundation.framework; sourceTree = SDKROOT; };
		76B2D729FC6DCAABB9959D4C /* juce_graphics */ /* juce_graphics */ = {isa = PBXFileReference; lastKnownFileType = folder; name = juce_graphics; path = "~/JUCE/modules/juce_graphics"; sourceTree = "<absolute>"; };
		7EB1ED275273E7B3AA838B18 /* include_juce_audio_processors.mm */ /* include_juce_audio_processors.mm */ = {isa = PBXFileReference; lastKnownFileType = sourcecode.cpp.objcpp; name = include_juce_audio_processors.mm; path = ../../JuceLibraryCode/include_juce_audio_processors.mm; sourceTree = SOURCE_ROOT; };
		7F5AA408C4A415B54A6D46BC /* juce_audio_plugin_client */ /* juce_audio_plugin_client */ = {isa = PBXFileReference; lastKnownFileType = folder; name = juce_audio_plugin_client; path = "~/JUCE/modules/juce_audio_plugin_client"; sourceTree = "<absolute>"; };
		7F5D98C8E5E09202D5C218F3 /* juce_audio_formats */ /* juce_audio_formats */ = {isa = PBXFileReference; lastKnownFileType = folder; name = juce_audio_formats; path = "~/JUCE/modules/juce_audio_formats"; sourceTree = "<absolute>"; };
		8002EE21988CA9AE5E8D620E /* CoreMIDI.framework */ /* CoreMIDI.framework */ = {isa = PBXFileReference; lastKnownFileType = wrapper.framework; name = CoreMIDI.framework; path = System/Library/Frameworks/CoreMIDI.framework; sourceTree = SDKROOT; };
		875F7247BCCD1C5C0E8848A3 /* juce_gui_basics */ /* juce_gui_basics */ = {isa = PBXFileReference; lastKnownFileType = folder; name = juce_gui_basics; path = "~/JUCE/modules/juce_gui_basics"; sourceTree = "<absolute>"; };
		89D946EAF2B026CD28503D51 /* RecentFilesMenuTemplate.nib */ /* RecentFilesMenuTemplate.nib */ = {isa = PBXFileReference; lastKnownFileType = file.nib; name = RecentFilesMenuTemplate.nib; path = RecentFilesMenuTemplate.nib; sourceTree = SOURCE_ROOT; };
		8CF25BE18B52CF0C9B8B9C2D /* juce_core */ /* juce_core */ = {isa = PBXFileReference; lastKnownFileType = folder; name = juce_core; path = "~/JUCE/modules/juce_core"; sourceTree = "<absolute>"; };
		8DB827B2425F5EA4652438AF /* juce_events */ /* juce_events */ = {isa = PBXFileReference; lastKnownFileType = folder; name = juce_events; path = "~/JUCE/modules/juce_events"; sourceTree = "<absolute>"; };
		8FFAC1E0D160C0992315F96E /* PluginEditor.h */ /* PluginEditor.h */ = {isa = PBXFileReference; lastKnownFileType = sourcecode.c.h; name = PluginEditor.h; path = ../../Source/PluginEditor.h; sourceTree = SOURCE_ROOT; };
		9B939D00D12CE97F9A394810 /* include_juce_audio_plugin_client_utils.cpp */ /* include_juce_audio_plugin_client_utils.cpp */ = {isa = PBXFileReference; lastKnownFileType = sourcecode.cpp.cpp; name = include_juce_audio_plugin_client_utils.cpp; path = ../../JuceLibraryCode/include_juce_audio_plugin_client_utils.cpp; sourceTree = SOURCE_ROOT; };
		9DAD26BC91CD74209E543F30 /* Carbon.framework */ /* Carbon.framework */ = {isa = PBXFileReference; lastKnownFileType = wrapper.framework; name = Carbon.framework; path = System/Library/Frameworks/Carbon.framework; sourceTree = SDKROOT; };
		ABEE02108572953A638C1234 /* VST3 */ = {isa = PBXFileReference; explicitFileType = wrapper.cfbundle; includeInIndex = 0; path = PhaserTestProject.vst3; sourceTree = BUILT_PRODUCTS_DIR; };
		AF2BE5C0D37560F04D1E3E86 /* Info-VST3.plist */ /* Info-VST3.plist */ = {isa = PBXFileReference; lastKnownFileType = text.plist.xml; name = "Info-VST3.plist"; path = "Info-VST3.plist"; sourceTree = SOURCE_ROOT; };
		AF8FDF8AD56601854F613F81 /* QuartzCore.framework */ /* QuartzCore.framework */ = {isa = PBXFileReference; lastKnownFileType = wrapper.framework; name = QuartzCore.framework; path = System/Library/Frameworks/QuartzCore.framework; sourceTree = SDKROOT; };
		B2CFE64300B3BFB5B24E1BEA /* include_juce_audio_plugin_client_VST3.cpp */ /* include_juce_audio_plugin_client_VST3.cpp */ = {isa = PBXFileReference; lastKnownFileType = sourcecode.cpp.cpp; name = include_juce_audio_plugin_client_VST3.cpp; path = ../../JuceLibraryCode/include_juce_audio_plugin_client_VST3.cpp; sourceTree = SOURCE_ROOT; };
		BDB5F1AAB0F366026E1E372D /* juce_data_structures */ /* juce_data_structures */ = {isa = PBXFileReference; lastKnownFileType = folder; name = juce_data_structures; path = "~/JUCE/modules/juce_data_structures"; sourceTree = "<absolute>"; };
		C398219D8EDD9CFF15222737 /* include_juce_core.mm */ /* include_juce_core.mm */ = {isa = PBXFileReference; lastKnownFileType = sourcecode.cpp.objcpp; name = include_juce_core.mm; path = ../../JuceLibraryCode/include_juce_core.mm; sourceTree = SOURCE_ROOT; };
		D605AF9C70BD15038C77ED9B /* juce_audio_processors */ /* juce_audio_processors */ = {isa = PBXFileReference; lastKnownFileType = folder; name = juce_audio_processors; path = "~/JUCE/modules/juce_audio_processors"; sourceTree = "<absolute>"; };
		D83A4EB6DAF91F9DDF440E3F /* JuceHeader.h */ /* JuceHeader.h */ = {isa = PBXFileReference; lastKnownFileType = sourcecode.c.h; name = JuceHeader.h; path = ../../JuceLibraryCode/JuceHeader.h; sourceTree = SOURCE_ROOT; };
		DE55EFE4C56712500A6579A4 /* include_juce_gui_extra.mm */ /* include_juce_gui_extra.mm */ = {isa = PBXFileReference; lastKnownFileType = sourcecode.cpp.objcpp; name = include_juce_gui_extra.mm; path = ../../JuceLibraryCode/include_juce_gui_extra.mm; sourceTree = SOURCE_ROOT; };
		E3DFD4007AECAB7D707C3441 /* include_juce_audio_formats.mm */ /* include_juce_audio_formats.mm */ = {isa = PBXFileReference; lastKnownFileType = sourcecode.cpp.objcpp; name = include_juce_audio_formats.mm; path = ../../JuceLibraryCode/include_juce_audio_formats.mm; sourceTree = SOURCE_ROOT; };
		E841B79A66BD63053057FD25 /* Accelerate.framework */ /* Accelerate.framework */ = {isa = PBXFileReference; lastKnownFileType = wrapper.framework; name = Accelerate.framework; path = System/Library/Frameworks/Accelerate.framework; sourceTree = SDKROOT; };
		EBBE4925FA08CFA85BE63077 /* Phase100.h */ /* Phase100.h */ = {isa = PBXFileReference; lastKnownFileType = sourcecode.c.h; name = Phase100.h; path = ../../Source/DSP/Phase100.h; sourceTree = SOURCE_ROOT; };
		EF034AF73045A70B48CE8362 /* include_juce_graphics.mm */ /* include_juce_graphics.mm */ = {isa = PBXFileReference; lastKnownFileType = sourcecode.cpp.objcpp; name = include_juce_graphics.mm; path = ../../JuceLibraryCode/include_juce_graphics.mm; sourceTree = SOURCE_ROOT; };
		EFAA6A4BF0D30AA814EA6E41 /* JucePluginDefines.h */ /* JucePluginDefines.h */ = {isa = PBXFileReference; lastKnownFileType = sourcecode.c.h; name = JucePluginDefines.h; path = ../../JuceLibraryCode/JucePluginDefines.h; sourceTree = SOURCE_ROOT; };
		F18CC51C6CDA35B55F28F5BA /* include_juce_audio_plugin_client_VST_utils.mm */ /* include_juce_audio_plugin_client_VST_utils.mm */ = {isa = PBXFileReference; lastKnownFileType = sourcecode.cpp.objcpp; name = include_juce_audio_plugin_client_VST_utils.mm; path = ../../JuceLibraryCode/include_juce_audio_plugin_client_VST_utils.mm; sourceTree = SOURCE_ROOT; };
		F53BF3D3679032098638226E /* Cocoa.framework */ /* Cocoa.framework */ = {isa = PBXFileReference; lastKnownFileType = wrapper.framework; name = Cocoa.framework; path = System/Library/Frameworks/Cocoa.framework; sourceTree = SDKROOT; };
		F557F10644A89272860F5FCE /* PluginProcessor.h */ /* PluginProcessor.h */ = {isa = PBXFileReference; lastKnownFileType = sourcecode.c.h; name = PluginProcessor.h; path = ../../Source/PluginProcessor.h; sourceTree = SOURCE_ROOT; };
		F57C77DF03CB8E4680CCBA3D /* PluginProcessor.cpp */ /* PluginProcessor.cpp */ = {isa = PBXFileReference; lastKnownFileType = sourcecode.cpp.cpp; name = PluginProcessor.cpp; path = ../../Source/PluginProcessor.cpp; sourceTree = SOURCE_ROOT; };
/* End PBXFileReference section */

/* Begin PBXFrameworksBuildPhase section */
		30011676EB61B3AB157B2AE1 = {
			isa = PBXFrameworksBuildPhase;
			buildActionMask = 2147483647;
			files = (
				8A1B776D09FCC6BD148BC379,
				EDAE06788E228B9E312AD1B7,
				8EF6BA67AB0F0D38263C1B21,
				0A220C391F4F98FE7DC8A680,
				95835F8322FEB698D4EB2B3B,
				C5E91867A2E719BE2452AA95,
				EB062B3F60B58B8B237FCD95,
				443B7A305AC3F8F21059F085,
				DACA3D057F9284689941EEC1,
				B2BE16DB3BD98231FE9DF98F,
				3408E2077B2A9DEA869DC3B9,
				F355810D072B097A6C11674F,
			);
			runOnlyForDeploymentPostprocessing = 0;
		};
		8378CEA72CAD26299055E772 = {
			isa = PBXFrameworksBuildPhase;
			buildActionMask = 2147483647;
			files = (
				8A1B776D09FCC6BD148BC379,
				EDAE06788E228B9E312AD1B7,
				8EF6BA67AB0F0D38263C1B21,
				0A220C391F4F98FE7DC8A680,
				95835F8322FEB698D4EB2B3B,
				C5E91867A2E719BE2452AA95,
				EB062B3F60B58B8B237FCD95,
				443B7A305AC3F8F21059F085,
				DACA3D057F9284689941EEC1,
				B2BE16DB3BD98231FE9DF98F,
				3408E2077B2A9DEA869DC3B9,
				F355810D072B097A6C11674F,
			);
			runOnlyForDeploymentPostprocessing = 0;
		};
/* End PBXFrameworksBuildPhase section */

/* Begin PBXGroup section */
		074DF09DFC49C6DAEDE72A8A /* Products */ = {
			isa = PBXGroup;
			children = (
				ABEE02108572953A638C1234,
				2A3B5F247ACD71FC152456D8,
				26759C051FE3749BD6A9F552,
			);
			name = Products;
			sourceTree = "<group>";
		};
		0A96A617C5A2D30638579E0E /* Source */ = {
			isa = PBXGroup;
			children = (
				255C367B87E48E16B7AE580C,
				F57C77DF03CB8E4680CCBA3D,
				F557F10644A89272860F5FCE,
				529CD1AC1145579A8B99B501,
				8FFAC1E0D160C0992315F96E,
			);
			name = Source;
			sourceTree = "<group>";
		};
		1FB32A5360D6F37089EFC0D0 /* PhaserTestProject */ = {
			isa = PBXGroup;
			children = (
				0A96A617C5A2D30638579E0E,
			);
			name = PhaserTestProject;
			sourceTree = "<group>";
		};
		255C367B87E48E16B7AE580C /* DSP */ = {
			isa = PBXGroup;
			children = (
				EBBE4925FA08CFA85BE63077,
			);
			name = DSP;
			sourceTree = "<group>";
		};
		268AD08CC42969807427EBDA /* JUCE Library Code */ = {
			isa = PBXGroup;
			children = (
				08EF465B7D1F92FB75F19FAB,
				43279F8B89B39955A3083703,
				E3DFD4007AECAB7D707C3441,
				6C228929337158712374510D,
				9B939D00D12CE97F9A394810,
				F18CC51C6CDA35B55F28F5BA,
				B2CFE64300B3BFB5B24E1BEA,
				7EB1ED275273E7B3AA838B18,
				5B6BAAA69ED5E138894F01E9,
				C398219D8EDD9CFF15222737,
				5427255787130F8F96C49790,
				31752E553DAA2049AFE7DB7D,
				EF034AF73045A70B48CE8362,
				1EFADDB92A97CF57D9EF485C,
				DE55EFE4C56712500A6579A4,
				D83A4EB6DAF91F9DDF440E3F,
				EFAA6A4BF0D30AA814EA6E41,
			);
			name = "JUCE Library Code";
			sourceTree = "<group>";
		};
		8972E707BE1DEFD8020AC271 /* JUCE Modules */ = {
			isa = PBXGroup;
			children = (
				37B9942F0A784C40974B1877,
				24E597B2024D211747618799,
				7F5D98C8E5E09202D5C218F3,
				7F5AA408C4A415B54A6D46BC,
				D605AF9C70BD15038C77ED9B,
				21351CAFA2CAD61B32A5E932,
				8CF25BE18B52CF0C9B8B9C2D,
				BDB5F1AAB0F366026E1E372D,
				8DB827B2425F5EA4652438AF,
				76B2D729FC6DCAABB9959D4C,
				875F7247BCCD1C5C0E8848A3,
				0A249E18E966E094F6B4F243,
			);
			name = "JUCE Modules";
			sourceTree = "<group>";
		};
		A11EC6B1880F8B15F9DE4796 /* Resources */ = {
			isa = PBXGroup;
			children = (
				AF2BE5C0D37560F04D1E3E86,
				5C60809DF77581672AA53B32,
				89D946EAF2B026CD28503D51,
			);
			name = Resources;
			sourceTree = "<group>";
		};
		C1FA505703BF1E7C3508D033 /* Frameworks */ = {
			isa = PBXGroup;
			children = (
				E841B79A66BD63053057FD25,
				40B147DA7886344DF4BA0CE4,
				9DAD26BC91CD74209E543F30,
				F53BF3D3679032098638226E,
				39F89767BF8B75B9E9E21107,
				3DA193D3F41A829FC2F62F01,
				8002EE21988CA9AE5E8D620E,
				2D0BD287638739B1EA9095D7,
				72DD1A6679A33DEB523095C2,
				5021B26A347373E4CD0964C7,
				AF8FDF8AD56601854F613F81,
				55EBBB54130EF157AB80A0EC,
			);
			name = Frameworks;
			sourceTree = "<group>";
		};
		CF1E3E69CB6CAD11AA97D44C /* Source */ = {
			isa = PBXGroup;
			children = (
				1FB32A5360D6F37089EFC0D0,
				8972E707BE1DEFD8020AC271,
				268AD08CC42969807427EBDA,
				A11EC6B1880F8B15F9DE4796,
				C1FA505703BF1E7C3508D033,
				074DF09DFC49C6DAEDE72A8A,
			);
			name = Source;
			sourceTree = "<group>";
		};
/* End PBXGroup section */

/* Begin PBXNativeTarget section */
		8571E169B47F5DDA6E7CD0DF /* PhaserTestProject - VST3 */ = {
			isa = PBXNativeTarget;
			buildConfigurationList = DC36E52FA39E84FCDE720B23;
			buildPhases = (
				696B131D545FFE49339CFE44,
				7F0D5CFC39C99FB122AF3B4D,
				30011676EB61B3AB157B2AE1,
			);
			buildRules = (
			);
			dependencies = (
				BF08A432053788D77E14FC2E,
			);
			name = "PhaserTestProject - VST3";
			productName = PhaserTestProject;
			productReference = ABEE02108572953A638C1234;
			productType = "com.apple.product-type.bundle";
		};
		96123F844FCE4882D006C864 /* PhaserTestProject - Shared Code */ = {
			isa = PBXNativeTarget;
			buildConfigurationList = 069A839A43F0374B94ECBB34;
			buildPhases = (
				BBF4713C083F262D9F0FBBF5,
			);
			buildRules = (
			);
			dependencies = (
			);
			name = "PhaserTestProject - Shared Code";
			productName = PhaserTestProject;
			productReference = 26759C051FE3749BD6A9F552;
			productType = "com.apple.product-type.library.static";
		};
		FC1808CC7CCE95E5225DC5D0 /* PhaserTestProject - Standalone Plugin */ = {
			isa = PBXNativeTarget;
			buildConfigurationList = AF5670F3E01889472F625AF3;
			buildPhases = (
				24AB7A2662A8A358DB14EF61,
				272FECEFCC1B34FE3D935694,
				8378CEA72CAD26299055E772,
			);
			buildRules = (
			);
			dependencies = (
				DC638496F6F49841E19F8472,
			);
			name = "PhaserTestProject - Standalone Plugin";
			productName = PhaserTestProject;
			productReference = 2A3B5F247ACD71FC152456D8;
			productType = "com.apple.product-type.application";
		};
/* End PBXNativeTarget section */

/* Begin PBXProject section */
		4FD92B22B893724ED3DAB83B = {
			isa = PBXProject;
			attributes = {
				LastUpgradeCheck = 1320;
				ORGANIZATIONNAME = "GenuineSoundware";
				TargetAttributes = {
					8571E169B47F5DDA6E7CD0DF = {
						SystemCapabilities = {
							com.apple.ApplicationGroups.iOS = {
								enabled = 0;
							};
							com.apple.HardenedRuntime = {
								enabled = 0;
							};
							com.apple.InAppPurchase = {
								enabled = 0;
							};
							com.apple.InterAppAudio = {
								enabled = 0;
							};
							com.apple.Push = {
								enabled = 0;
							};
							com.apple.Sandbox = {
								enabled = 0;
							};
						};
					};
					96123F844FCE4882D006C864 = {
						SystemCapabilities = {
							com.apple.ApplicationGroups.iOS = {
								enabled = 0;
							};
							com.apple.HardenedRuntime = {
								enabled = 0;
							};
							com.apple.InAppPurchase = {
								enabled = 0;
							};
							com.apple.InterAppAudio = {
								enabled = 0;
							};
							com.apple.Push = {
								enabled = 0;
							};
							com.apple.Sandbox = {
								enabled = 0;
							};
						};
					};
					CACFC56B0D19E1AE709B9703 = {
						SystemCapabilities = {
							com.apple.ApplicationGroups.iOS = {
								enabled = 0;
							};
							com.apple.HardenedRuntime = {
								enabled = 0;
							};
							com.apple.InAppPurchase = {
								enabled = 0;
							};
							com.apple.InterAppAudio = {
								enabled = 0;
							};
							com.apple.Push = {
								enabled = 0;
							};
							com.apple.Sandbox = {
								enabled = 0;
							};
						};
					};
					FC1808CC7CCE95E5225DC5D0 = {
						SystemCapabilities = {
							com.apple.ApplicationGroups.iOS = {
								enabled = 0;
							};
							com.apple.HardenedRuntime = {
								enabled = 0;
							};
							com.apple.InAppPurchase = {
								enabled = 0;
							};
							com.apple.InterAppAudio = {
								enabled = 0;
							};
							com.apple.Push = {
								enabled = 0;
							};
							com.apple.Sandbox = {
								enabled = 0;
							};
						};
					};
				};
			};
			buildConfigurationList = 4921EE033D0FED22B725BBE4;
			compatibilityVersion = "Xcode 3.2";
			hasScannedForEncodings = 0;
			knownRegions = (
				en,
				Base,
			);
			mainGroup = CF1E3E69CB6CAD11AA97D44C;
			projectDirPath = "";
			projectRoot = "";
			targets = (
				CACFC56B0D19E1AE709B9703,
				8571E169B47F5DDA6E7CD0DF,
				FC1808CC7CCE95E5225DC5D0,
				96123F844FCE4882D006C864,
			);
		};
/* End PBXProject section */

/* Begin PBXResourcesBuildPhase section */
		24AB7A2662A8A358DB14EF61 = {
			isa = PBXResourcesBuildPhase;
			buildActionMask = 2147483647;
			files = (
				839B70797B73B91DF751F96A,
			);
			runOnlyForDeploymentPostprocessing = 0;
		};
		696B131D545FFE49339CFE44 = {
			isa = PBXResourcesBuildPhase;
			buildActionMask = 2147483647;
			files = (
				839B70797B73B91DF751F96A,
			);
			runOnlyForDeploymentPostprocessing = 0;
		};
/* End PBXResourcesBuildPhase section */

/* Begin PBXSourcesBuildPhase section */
		272FECEFCC1B34FE3D935694 = {
			isa = PBXSourcesBuildPhase;
			buildActionMask = 2147483647;
			files = (
				8B4F45CE2D20CA41904E725F,
			);
			runOnlyForDeploymentPostprocessing = 0;
		};
		7F0D5CFC39C99FB122AF3B4D = {
			isa = PBXSourcesBuildPhase;
			buildActionMask = 2147483647;
			files = (
				01B82B3E60B62969B5B1F905,
			);
			runOnlyForDeploymentPostprocessing = 0;
		};
		BBF4713C083F262D9F0FBBF5 = {
			isa = PBXSourcesBuildPhase;
			buildActionMask = 2147483647;
			files = (
				41DDCF27D71260CC973D0DD7,
				8C5E98F2F9738085B74BC61E,
				2B963E03FB5C1F98709A95A0,
				9821355C7E0F1D9AC0E6929A,
				B914B9EE5A6EEAA0FF37BB63,
				1E6D82F4F523003497FD82DD,
				1AEE399ABE80F6C184396EE0,
				2FC4E54BDE8F56AD7A34ED8A,
				A9504106A7E9A13C1EBAB7D2,
				A5119E4E11D3D03BF0FEA9A9,
				B46F69030A2F1D6D2BF86590,
				C81AB47C8D974873369D0AB3,
				A57EB25EB16EEA113C56ADAF,
				5CBF7A11FEC083FD6629D0C7,
				430F60B3D358BA2EE3C802AA,
			);
			runOnlyForDeploymentPostprocessing = 0;
		};
/* End PBXSourcesBuildPhase section */

/* Begin PBXTargetDependency section */
		B9F70CB0BF0256624B8798B1 = {
			isa = PBXTargetDependency;
			target = 8571E169B47F5DDA6E7CD0DF;
		};
		BF08A432053788D77E14FC2E = {
			isa = PBXTargetDependency;
			target = 96123F844FCE4882D006C864;
		};
		C27743592255F8EF46F64185 = {
			isa = PBXTargetDependency;
			target = 96123F844FCE4882D006C864;
		};
		DC638496F6F49841E19F8472 = {
			isa = PBXTargetDependency;
			target = 96123F844FCE4882D006C864;
		};
		E457CD6E7513C4CCB7DE1E46 = {
			isa = PBXTargetDependency;
			target = FC1808CC7CCE95E5225DC5D0;
		};
/* End PBXTargetDependency section */

/* Begin XCBuildConfiguration section */
		0AC54C32E0E34C83A471AE6B /* Release */ = {
			isa = XCBuildConfiguration;
			buildSettings = {
				CLANG_CXX_LANGUAGE_STANDARD = "c++14";
				CLANG_CXX_LIBRARY = "libc++";
				CLANG_LINK_OBJC_RUNTIME = NO;
				CODE_SIGN_IDENTITY = "";
				COMBINE_HIDPI_IMAGES = YES;
				CONFIGURATION_BUILD_DIR = "$(PROJECT_DIR)/build/$(CONFIGURATION)";
				DEAD_CODE_STRIPPING = YES;
				DEPLOYMENT_LOCATION = YES;
				DSTROOT = /;
				EXCLUDED_ARCHS = "";
				GCC_GENERATE_DEBUGGING_SYMBOLS = NO;
				GCC_OPTIMIZATION_LEVEL = 3;
				GCC_PREPROCESSOR_DEFINITIONS = (
					"_NDEBUG=1",
					"NDEBUG=1",
					"JUCE_DISPLAY_SPLASH_SCREEN=0",
					"JUCE_USE_DARK_SPLASH_SCREEN=1",
					"JUCE_PROJUCER_VERSION=0x60106",
					"JUCE_MODULE_AVAILABLE_juce_audio_basics=1",
					"JUCE_MODULE_AVAILABLE_juce_audio_devices=1",
					"JUCE_MODULE_AVAILABLE_juce_audio_formats=1",
					"JUCE_MODULE_AVAILABLE_juce_audio_plugin_client=1",
					"JUCE_MODULE_AVAILABLE_juce_audio_processors=1",
					"JUCE_MODULE_AVAILABLE_juce_audio_utils=1",
					"JUCE_MODULE_AVAILABLE_juce_core=1",
					"JUCE_MODULE_AVAILABLE_juce_data_structures=1",
					"JUCE_MODULE_AVAILABLE_juce_events=1",
					"JUCE_MODULE_AVAILABLE_juce_graphics=1",
					"JUCE_MODULE_AVAILABLE_juce_gui_basics=1",
					"JUCE_MODULE_AVAILABLE_juce_gui_extra=1",
					"JUCE_GLOBAL_MODULE_SETTINGS_INCLUDED=1",
					"JUCE_VST3_CAN_REPLACE_VST2=0",
					"JUCE_STRICT_REFCOUNTEDPOINTER=1",
					"JucePlugin_Build_VST=0",
					"JucePlugin_Build_VST3=1",
					"JucePlugin_Build_AU=0",
					"JucePlugin_Build_AUv3=0",
					"JucePlugin_Build_RTAS=0",
					"JucePlugin_Build_AAX=0",
					"JucePlugin_Build_Standalone=0",
					"JucePlugin_Build_Unity=0",
					"JucePlugin_Enable_IAA=0",
					"JucePlugin_Name=\\\"PhaserTestProject\\\"",
					"JucePlugin_Desc=\\\"PhaserTestProject\\\"",
					"JucePlugin_Manufacturer=\\\"GenuineSoundware\\\"",
					"JucePlugin_ManufacturerWebsite=\\\"www.GenuineSoundware.com\\\"",
					"JucePlugin_ManufacturerEmail=\\\"\\\"",
					"JucePlugin_ManufacturerCode=0x47536930",
					"JucePlugin_PluginCode=0x47504854",
					"JucePlugin_IsSynth=0",
					"JucePlugin_WantsMidiInput=0",
					"JucePlugin_ProducesMidiOutput=0",
					"JucePlugin_IsMidiEffect=0",
					"JucePlugin_EditorRequiresKeyboardFocus=0",
					"JucePlugin_Version=1.0.0",
					"JucePlugin_VersionCode=0x10000",
					"JucePlugin_VersionString=\\\"1.0.0\\\"",
					"JucePlugin_VSTUniqueID=JucePlugin_PluginCode",
					"JucePlugin_VSTCategory=kPlugCategEffect",
					"JucePlugin_Vst3Category=\\\"Fx\\\"",
					"JucePlugin_AUMainType=\\'aufx\\'",
					"JucePlugin_AUSubType=JucePlugin_PluginCode",
					"JucePlugin_AUExportPrefix=PhaserTestProjectAU",
					"JucePlugin_AUExportPrefixQuoted=\\\"PhaserTestProjectAU\\\"",
					"JucePlugin_AUManufacturerCode=JucePlugin_ManufacturerCode",
					"JucePlugin_CFBundleIdentifier=com.GenuineSoundware.PhaserTestProject",
					"JucePlugin_RTASCategory=0",
					"JucePlugin_RTASManufacturerCode=JucePlugin_ManufacturerCode",
					"JucePlugin_RTASProductId=JucePlugin_PluginCode",
					"JucePlugin_RTASDisableBypass=0",
					"JucePlugin_RTASDisableMultiMono=0",
					"JucePlugin_AAXIdentifier=com.GenuineSoundware.PhaserTestProject",
					"JucePlugin_AAXManufacturerCode=JucePlugin_ManufacturerCode",
					"JucePlugin_AAXProductId=JucePlugin_PluginCode",
					"JucePlugin_AAXCategory=0",
					"JucePlugin_AAXDisableBypass=0",
					"JucePlugin_AAXDisableMultiMono=0",
					"JucePlugin_IAAType=0x61757278",
					"JucePlugin_IAASubType=JucePlugin_PluginCode",
					"JucePlugin_IAAName=\\\"GenuineSoundware:\\ PhaserTestProject\\\"",
					"JucePlugin_VSTNumMidiInputs=16",
					"JucePlugin_VSTNumMidiOutputs=16",
					"JucePlugin_MaxNumInputChannels=2",
					"JucePlugin_MaxNumOutputChannels=2",
					"JucePlugin_PreferredChannelConfigurations={2,2}",
					"JUCE_STANDALONE_APPLICATION=JucePlugin_Build_Standalone",
					"JUCER_XCODE_MAC_F6D2F4CF=1",
					"JUCE_APP_VERSION=1.0.0",
					"JUCE_APP_VERSION_HEX=0x10000",
				);
				GCC_VERSION = com.apple.compilers.llvm.clang.1_0;
				GENERATE_PKGINFO_FILE = YES;
				HEADER_SEARCH_PATHS = (
					"$(HOME)/JUCE/modules/juce_audio_processors/format_types/VST3_SDK",
					"$(SRCROOT)/../../JuceLibraryCode",
					"$(HOME)/JUCE/modules",
					"$(HOME)/JUCE/modules/juce_audio_plugin_client",
					"$(inherited)",
				);
				INFOPLIST_FILE = Info-VST3.plist;
				INFOPLIST_PREPROCESS = NO;
				INSTALL_PATH = "$(HOME)/Library/Audio/Plug-Ins/VST3/";
				LIBRARY_STYLE = Bundle;
				LLVM_LTO = YES;
				MACOSX_DEPLOYMENT_TARGET = 10.11;
				MTL_HEADER_SEARCH_PATHS = "$(HOME)/JUCE/modules/juce_audio_processors/format_types/VST3_SDK $(SRCROOT)/../../JuceLibraryCode $(HOME)/JUCE/modules $(HOME)/JUCE/modules/juce_audio_plugin_client";
				OTHER_LDFLAGS = "-bundle -lPhaserTestProject";
				PRODUCT_BUNDLE_IDENTIFIER = com.GenuineSoundware.PhaserTestProject;
				PRODUCT_NAME = "PhaserTestProject";
				USE_HEADERMAP = NO;
				VALID_ARCHS = "i386 x86_64 arm64 arm64e";
				WRAPPER_EXTENSION = vst3;
			};
			name = Release;
		};
		29DB8B949E14832390180385 /* Debug */ = {
			isa = XCBuildConfiguration;
			buildSettings = {
				CLANG_CXX_LANGUAGE_STANDARD = "c++14";
				CLANG_CXX_LIBRARY = "libc++";
				CLANG_LINK_OBJC_RUNTIME = NO;
				CODE_SIGN_IDENTITY = "";
				COMBINE_HIDPI_IMAGES = YES;
				CONFIGURATION_BUILD_DIR = "$(PROJECT_DIR)/build/$(CONFIGURATION)";
				COPY_PHASE_STRIP = NO;
				EXCLUDED_ARCHS = "";
				GCC_DYNAMIC_NO_PIC = NO;
				GCC_OPTIMIZATION_LEVEL = 0;
				GCC_PREPROCESSOR_DEFINITIONS = (
					"_DEBUG=1",
					"DEBUG=1",
					"JUCE_DISPLAY_SPLASH_SCREEN=0",
					"JUCE_USE_DARK_SPLASH_SCREEN=1",
					"JUCE_PROJUCER_VERSION=0x60106",
					"JUCE_MODULE_AVAILABLE_juce_audio_basics=1",
					"JUCE_MODULE_AVAILABLE_juce_audio_devices=1",
					"JUCE_MODULE_AVAILABLE_juce_audio_formats=1",
					"JUCE_MODULE_AVAILABLE_juce_audio_plugin_client=1",
					"JUCE_MODULE_AVAILABLE_juce_audio_processors=1",
					"JUCE_MODULE_AVAILABLE_juce_audio_utils=1",
					"JUCE_MODULE_AVAILABLE_juce_core=1",
					"JUCE_MODULE_AVAILABLE_juce_data_structures=1",
					"JUCE_MODULE_AVAILABLE_juce_events=1",
					"JUCE_MODULE_AVAILABLE_juce_graphics=1",
					"JUCE_MODULE_AVAILABLE_juce_gui_basics=1",
					"JUCE_MODULE_AVAILABLE_juce_gui_extra=1",
					"JUCE_GLOBAL_MODULE_SETTINGS_INCLUDED=1",
					"JUCE_VST3_CAN_REPLACE_VST2=0",
					"JUCE_STRICT_REFCOUNTEDPOINTER=1",
					"JucePlugin_Build_VST=0",
					"JucePlugin_Build_VST3=1",
					"JucePlugin_Build_AU=0",
					"JucePlugin_Build_AUv3=0",
					"JucePlugin_Build_RTAS=0",
					"JucePlugin_Build_AAX=0",
					"JucePlugin_Build_Standalone=1",
					"JucePlugin_Build_Unity=0",
					"JucePlugin_Enable_IAA=0",
					"JucePlugin_Name=\\\"PhaserTestProject\\\"",
					"JucePlugin_Desc=\\\"PhaserTestProject\\\"",
					"JucePlugin_Manufacturer=\\\"GenuineSoundware\\\"",
					"JucePlugin_ManufacturerWebsite=\\\"www.GenuineSoundware.com\\\"",
					"JucePlugin_ManufacturerEmail=\\\"\\\"",
					"JucePlugin_ManufacturerCode=0x47536930",
					"JucePlugin_PluginCode=0x47504854",
					"JucePlugin_IsSynth=0",
					"JucePlugin_WantsMidiInput=0",
					"JucePlugin_ProducesMidiOutput=0",
					"JucePlugin_IsMidiEffect=0",
					"JucePlugin_EditorRequiresKeyboardFocus=0",
					"JucePlugin_Version=1.0.0",
					"JucePlugin_VersionCode=0x10000",
					"JucePlugin_VersionString=\\\"1.0.0\\\"",
					"JucePlugin_VSTUniqueID=JucePlugin_PluginCode",
					"JucePlugin_VSTCategory=kPlugCategEffect",
					"JucePlugin_Vst3Category=\\\"Fx\\\"",
					"JucePlugin_AUMainType=\\'aufx\\'",
					"JucePlugin_AUSubType=JucePlugin_PluginCode",
					"JucePlugin_AUExportPrefix=PhaserTestProjectAU",
					"JucePlugin_AUExportPrefixQuoted=\\\"PhaserTestProjectAU\\\"",
					"JucePlugin_AUManufacturerCode=JucePlugin_ManufacturerCode",
					"JucePlugin_CFBundleIdentifier=com.GenuineSoundware.PhaserTestProject",
					"JucePlugin_RTASCategory=0",
					"JucePlugin_RTASManufacturerCode=JucePlugin_ManufacturerCode",
					"JucePlugin_RTASProductId=JucePlugin_PluginCode",
					"JucePlugin_RTASDisableBypass=0",
					"JucePlugin_RTASDisableMultiMono=0",
					"JucePlugin_AAXIdentifier=com.GenuineSoundware.PhaserTestProject",
					"JucePlugin_AAXManufacturerCode=JucePlugin_ManufacturerCode",
					"JucePlugin_AAXProductId=JucePlugin_PluginCode",
					"JucePlugin_AAXCategory=0",
					"JucePlugin_AAXDisableBypass=0",
					"JucePlugin_AAXDisableMultiMono=0",
					"JucePlugin_IAAType=0x61757278",
					"JucePlugin_IAASubType=JucePlugin_PluginCode",
					"JucePlugin_IAAName=\\\"GenuineSoundware:\\ PhaserTestProject\\\"",
					"JucePlugin_VSTNumMidiInputs=16",
					"JucePlugin_VSTNumMidiOutputs=16",
					"JucePlugin_MaxNumInputChannels=2",
					"JucePlugin_MaxNumOutputChannels=2",
					"JucePlugin_PreferredChannelConfigurations={2,2}",
					"JUCE_STANDALONE_APPLICATION=JucePlugin_Build_Standalone",
					"JUCER_XCODE_MAC_F6D2F4CF=1",
					"JUCE_APP_VERSION=1.0.0",
					"JUCE_APP_VERSION_HEX=0x10000",
					"JUCE_SHARED_CODE=1",
				);
				GCC_VERSION = com.apple.compilers.llvm.clang.1_0;
				HEADER_SEARCH_PATHS = (
					"$(HOME)/JUCE/modules/juce_audio_processors/format_types/VST3_SDK",
					"$(SRCROOT)/../../JuceLibraryCode",
					"$(HOME)/JUCE/modules",
					"$(HOME)/JUCE/modules/juce_audio_plugin_client",
					"$(inherited)",
				);
				INSTALL_PATH = "@executable_path/../Frameworks";
				MACOSX_DEPLOYMENT_TARGET = 10.11;
				MTL_HEADER_SEARCH_PATHS = "$(HOME)/JUCE/modules/juce_audio_processors/format_types/VST3_SDK $(SRCROOT)/../../JuceLibraryCode $(HOME)/JUCE/modules $(HOME)/JUCE/modules/juce_audio_plugin_client";
				PRODUCT_BUNDLE_IDENTIFIER = com.GenuineSoundware.PhaserTestProject;
				PRODUCT_NAME = "PhaserTestProject";
				SKIP_INSTALL = YES;
				USE_HEADERMAP = NO;
				VALID_ARCHS = "i386 x86_64 arm64 arm64e";
			};
			name = Debug;
		};
		578360BD349F309EE30361B1 /* Release */ = {
			isa = XCBuildConfiguration;
			buildSettings = {
				ALWAYS_SEARCH_USER_PATHS = NO;
				CLANG_ENABLE_OBJC_WEAK = YES;
				CLANG_WARN_BLOCK_CAPTURE_AUTORELEASING = YES;
				CLANG_WARN_BOOL_CONVERSION = YES;
				CLANG_WARN_COMMA = YES;
				CLANG_WARN_CONSTANT_CONVERSION = YES;
				CLANG_WARN_DEPRECATED_OBJC_IMPLEMENTATIONS = YES;
				CLANG_WARN_EMPTY_BODY = YES;
				CLANG_WARN_ENUM_CONVERSION = YES;
				CLANG_WARN_INFINITE_RECURSION = YES;
				CLANG_WARN_INT_CONVERSION = YES;
				CLANG_WARN_NON_LITERAL_NULL_CONVERSION = YES;
				CLANG_WARN_OBJC_IMPLICIT_RETAIN_SELF = YES;
				CLANG_WARN_OBJC_LITERAL_CONVERSION = YES;
				CLANG_WARN_RANGE_LOOP_ANALYSIS = YES;
				CLANG_WARN_STRICT_PROTOTYPES = YES;
				CLANG_WARN_SUSPICIOUS_MOVE = YES;
				CLANG_WARN_UNREACHABLE_CODE = YES;
				CLANG_WARN__DUPLICATE_METHOD_MATCH = YES;
				CODE_SIGN_IDENTITY = "";
				DEBUG_INFORMATION_FORMAT = dwarf;
				ENABLE_STRICT_OBJC_MSGSEND = YES;
				ENABLE_TESTABILITY = NO;
				GCC_C_LANGUAGE_STANDARD = c11;
				GCC_INLINES_ARE_PRIVATE_EXTERN = YES;
				GCC_MODEL_TUNING = G5;
				GCC_NO_COMMON_BLOCKS = YES;
				GCC_SYMBOLS_PRIVATE_EXTERN = YES;
				GCC_WARN_64_TO_32_BIT_CONVERSION = YES;
				GCC_WARN_ABOUT_RETURN_TYPE = YES;
				GCC_WARN_CHECK_SWITCH_STATEMENTS = YES;
				GCC_WARN_MISSING_PARENTHESES = YES;
				GCC_WARN_NON_VIRTUAL_DESTRUCTOR = YES;
				GCC_WARN_TYPECHECK_CALLS_TO_PRINTF = YES;
				GCC_WARN_UNDECLARED_SELECTOR = YES;
				GCC_WARN_UNINITIALIZED_AUTOS = YES;
				GCC_WARN_UNUSED_FUNCTION = YES;
				GCC_WARN_UNUSED_VARIABLE = YES;
				PRODUCT_NAME = "PhaserTestProject";
				SDKROOT = macosx;
				WARNING_CFLAGS = "-Wreorder";
				ZERO_LINK = NO;
			};
			name = Release;
		};
		58199DFB9D6CCD31C34BA601 /* Debug */ = {
			isa = XCBuildConfiguration;
			buildSettings = {
				CLANG_CXX_LANGUAGE_STANDARD = "c++14";
				CLANG_CXX_LIBRARY = "libc++";
				CLANG_LINK_OBJC_RUNTIME = NO;
				CODE_SIGN_IDENTITY = "";
				COMBINE_HIDPI_IMAGES = YES;
				CONFIGURATION_BUILD_DIR = "$(PROJECT_DIR)/build/$(CONFIGURATION)";
				COPY_PHASE_STRIP = NO;
				EXCLUDED_ARCHS = "";
				GCC_DYNAMIC_NO_PIC = NO;
				GCC_OPTIMIZATION_LEVEL = 0;
				GCC_PREPROCESSOR_DEFINITIONS = (
					"_DEBUG=1",
					"DEBUG=1",
					"JUCE_DISPLAY_SPLASH_SCREEN=0",
					"JUCE_USE_DARK_SPLASH_SCREEN=1",
					"JUCE_PROJUCER_VERSION=0x60106",
					"JUCE_MODULE_AVAILABLE_juce_audio_basics=1",
					"JUCE_MODULE_AVAILABLE_juce_audio_devices=1",
					"JUCE_MODULE_AVAILABLE_juce_audio_formats=1",
					"JUCE_MODULE_AVAILABLE_juce_audio_plugin_client=1",
					"JUCE_MODULE_AVAILABLE_juce_audio_processors=1",
					"JUCE_MODULE_AVAILABLE_juce_audio_utils=1",
					"JUCE_MODULE_AVAILABLE_juce_core=1",
					"JUCE_MODULE_AVAILABLE_juce_data_structures=1",
					"JUCE_MODULE_AVAILABLE_juce_events=1",
					"JUCE_MODULE_AVAILABLE_juce_graphics=1",
					"JUCE_MODULE_AVAILABLE_juce_gui_basics=1",
					"JUCE_MODULE_AVAILABLE_juce_gui_extra=1",
					"JUCE_GLOBAL_MODULE_SETTINGS_INCLUDED=1",
					"JUCE_VST3_CAN_REPLACE_VST2=0",
					"JUCE_STRICT_REFCOUNTEDPOINTER=1",
					"JucePlugin_Build_VST=0",
					"JucePlugin_Build_VST3=0",
					"JucePlugin_Build_AU=0",
					"JucePlugin_Build_AUv3=0",
					"JucePlugin_Build_RTAS=0",
					"JucePlugin_Build_AAX=0",
					"JucePlugin_Build_Standalone=1",
					"JucePlugin_Build_Unity=0",
					"JucePlugin_Enable_IAA=0",
					"JucePlugin_Name=\\\"PhaserTestProject\\\"",
					"JucePlugin_Desc=\\\"PhaserTestProject\\\"",
					"JucePlugin_Manufacturer=\\\"GenuineSoundware\\\"",
					"JucePlugin_ManufacturerWebsite=\\\"www.GenuineSoundware.com\\\"",
					"JucePlugin_ManufacturerEmail=\\\"\\\"",
					"JucePlugin_ManufacturerCode=0x47536930",
					"JucePlugin_PluginCode=0x47504854",
					"JucePlugin_IsSynth=0",
					"JucePlugin_WantsMidiInput=0",
					"JucePlugin_ProducesMidiOutput=0",
					"JucePlugin_IsMidiEffect=0",
					"JucePlugin_EditorRequiresKeyboardFocus=0",
					"JucePlugin_Version=1.0.0",
					"JucePlugin_VersionCode=0x10000",
					"JucePlugin_VersionString=\\\"1.0.0\\\"",
					"JucePlugin_VSTUniqueID=JucePlugin_PluginCode",
					"JucePlugin_VSTCategory=kPlugCategEffect",
					"JucePlugin_Vst3Category=\\\"Fx\\\"",
					"JucePlugin_AUMainType=\\'aufx\\'",
					"JucePlugin_AUSubType=JucePlugin_PluginCode",
					"JucePlugin_AUExportPrefix=PhaserTestProjectAU",
					"JucePlugin_AUExportPrefixQuoted=\\\"PhaserTestProjectAU\\\"",
					"JucePlugin_AUManufacturerCode=JucePlugin_ManufacturerCode",
					"JucePlugin_CFBundleIdentifier=com.GenuineSoundware.PhaserTestProject",
					"JucePlugin_RTASCategory=0",
					"JucePlugin_RTASManufacturerCode=JucePlugin_ManufacturerCode",
					"JucePlugin_RTASProductId=JucePlugin_PluginCode",
					"JucePlugin_RTASDisableBypass=0",
					"JucePlugin_RTASDisableMultiMono=0",
					"JucePlugin_AAXIdentifier=com.GenuineSoundware.PhaserTestProject",
					"JucePlugin_AAXManufacturerCode=JucePlugin_ManufacturerCode",
					"JucePlugin_AAXProductId=JucePlugin_PluginCode",
					"JucePlugin_AAXCategory=0",
					"JucePlugin_AAXDisableBypass=0",
					"JucePlugin_AAXDisableMultiMono=0",
					"JucePlugin_IAAType=0x61757278",
					"JucePlugin_IAASubType=JucePlugin_PluginCode",
					"JucePlugin_IAAName=\\\"GenuineSoundware:\\ PhaserTestProject\\\"",
					"JucePlugin_VSTNumMidiInputs=16",
					"JucePlugin_VSTNumMidiOutputs=16",
					"JucePlugin_MaxNumInputChannels=2",
					"JucePlugin_MaxNumOutputChannels=2",
					"JucePlugin_PreferredChannelConfigurations={2,2}",
					"JUCE_STANDALONE_APPLICATION=JucePlugin_Build_Standalone",
					"JUCER_XCODE_MAC_F6D2F4CF=1",
					"JUCE_APP_VERSION=1.0.0",
					"JUCE_APP_VERSION_HEX=0x10000",
				);
				GCC_VERSION = com.apple.compilers.llvm.clang.1_0;
				HEADER_SEARCH_PATHS = (
					"$(HOME)/JUCE/modules/juce_audio_processors/format_types/VST3_SDK",
					"$(SRCROOT)/../../JuceLibraryCode",
					"$(HOME)/JUCE/modules",
					"$(HOME)/JUCE/modules/juce_audio_plugin_client",
					"$(inherited)",
				);
				INFOPLIST_FILE = Info-Standalone_Plugin.plist;
				INFOPLIST_PREPROCESS = NO;
				MACOSX_DEPLOYMENT_TARGET = 10.11;
				MTL_HEADER_SEARCH_PATHS = "$(HOME)/JUCE/modules/juce_audio_processors/format_types/VST3_SDK $(SRCROOT)/../../JuceLibraryCode $(HOME)/JUCE/modules $(HOME)/JUCE/modules/juce_audio_plugin_client";
				OTHER_LDFLAGS = "-lPhaserTestProject";
				PRODUCT_BUNDLE_IDENTIFIER = com.GenuineSoundware.PhaserTestProject;
				PRODUCT_NAME = "PhaserTestProject";
				USE_HEADERMAP = NO;
				VALID_ARCHS = "i386 x86_64 arm64 arm64e";
			};
			name = Debug;
		};
		8E5706F4D532C3E42A55120F /* Release */ = {
			isa = XCBuildConfiguration;
			buildSettings = {
				MACOSX_DEPLOYMENT_TARGET = 10.11;
				SDKROOT = macosx;
			};
			name = Release;
		};
		9303CF5967CCADC99E1C3A3F /* Debug */ = {
			isa = XCBuildConfiguration;
			buildSettings = {
				MACOSX_DEPLOYMENT_TARGET = 10.11;
				SDKROOT = macosx;
			};
			name = Debug;
		};
		991E0E6066DB65C84BEA8F0E /* Release */ = {
			isa = XCBuildConfiguration;
			buildSettings = {
				CLANG_CXX_LANGUAGE_STANDARD = "c++14";
				CLANG_CXX_LIBRARY = "libc++";
				CLANG_LINK_OBJC_RUNTIME = NO;
				CODE_SIGN_IDENTITY = "";
				COMBINE_HIDPI_IMAGES = YES;
				CONFIGURATION_BUILD_DIR = "$(PROJECT_DIR)/build/$(CONFIGURATION)";
				DEAD_CODE_STRIPPING = YES;
				EXCLUDED_ARCHS = "";
				GCC_GENERATE_DEBUGGING_SYMBOLS = NO;
				GCC_OPTIMIZATION_LEVEL = 3;
				GCC_PREPROCESSOR_DEFINITIONS = (
					"_NDEBUG=1",
					"NDEBUG=1",
					"JUCE_DISPLAY_SPLASH_SCREEN=0",
					"JUCE_USE_DARK_SPLASH_SCREEN=1",
					"JUCE_PROJUCER_VERSION=0x60106",
					"JUCE_MODULE_AVAILABLE_juce_audio_basics=1",
					"JUCE_MODULE_AVAILABLE_juce_audio_devices=1",
					"JUCE_MODULE_AVAILABLE_juce_audio_formats=1",
					"JUCE_MODULE_AVAILABLE_juce_audio_plugin_client=1",
					"JUCE_MODULE_AVAILABLE_juce_audio_processors=1",
					"JUCE_MODULE_AVAILABLE_juce_audio_utils=1",
					"JUCE_MODULE_AVAILABLE_juce_core=1",
					"JUCE_MODULE_AVAILABLE_juce_data_structures=1",
					"JUCE_MODULE_AVAILABLE_juce_events=1",
					"JUCE_MODULE_AVAILABLE_juce_graphics=1",
					"JUCE_MODULE_AVAILABLE_juce_gui_basics=1",
					"JUCE_MODULE_AVAILABLE_juce_gui_extra=1",
					"JUCE_GLOBAL_MODULE_SETTINGS_INCLUDED=1",
					"JUCE_VST3_CAN_REPLACE_VST2=0",
					"JUCE_STRICT_REFCOUNTEDPOINTER=1",
					"JucePlugin_Build_VST=0",
					"JucePlugin_Build_VST3=1",
					"JucePlugin_Build_AU=0",
					"JucePlugin_Build_AUv3=0",
					"JucePlugin_Build_RTAS=0",
					"JucePlugin_Build_AAX=0",
					"JucePlugin_Build_Standalone=1",
					"JucePlugin_Build_Unity=0",
					"JucePlugin_Enable_IAA=0",
					"JucePlugin_Name=\\\"PhaserTestProject\\\"",
					"JucePlugin_Desc=\\\"PhaserTestProject\\\"",
					"JucePlugin_Manufacturer=\\\"GenuineSoundware\\\"",
					"JucePlugin_ManufacturerWebsite=\\\"www.GenuineSoundware.com\\\"",
					"JucePlugin_ManufacturerEmail=\\\"\\\"",
					"JucePlugin_ManufacturerCode=0x47536930",
					"JucePlugin_PluginCode=0x47504854",
					"JucePlugin_IsSynth=0",
					"JucePlugin_WantsMidiInput=0",
					"JucePlugin_ProducesMidiOutput=0",
					"JucePlugin_IsMidiEffect=0",
					"JucePlugin_EditorRequiresKeyboardFocus=0",
					"JucePlugin_Version=1.0.0",
					"JucePlugin_VersionCode=0x10000",
					"JucePlugin_VersionString=\\\"1.0.0\\\"",
					"JucePlugin_VSTUniqueID=JucePlugin_PluginCode",
					"JucePlugin_VSTCategory=kPlugCategEffect",
					"JucePlugin_Vst3Category=\\\"Fx\\\"",
					"JucePlugin_AUMainType=\\'aufx\\'",
					"JucePlugin_AUSubType=JucePlugin_PluginCode",
					"JucePlugin_AUExportPrefix=PhaserTestProjectAU",
					"JucePlugin_AUExportPrefixQuoted=\\\"PhaserTestProjectAU\\\"",
					"JucePlugin_AUManufacturerCode=JucePlugin_ManufacturerCode",
					"JucePlugin_CFBundleIdentifier=com.GenuineSoundware.PhaserTestProject",
					"JucePlugin_RTASCategory=0",
					"JucePlugin_RTASManufacturerCode=JucePlugin_ManufacturerCode",
					"JucePlugin_RTASProductId=JucePlugin_PluginCode",
					"JucePlugin_RTASDisableBypass=0",
					"JucePlugin_RTASDisableMultiMono=0",
					"JucePlugin_AAXIdentifier=com.GenuineSoundware.PhaserTestProject",
					"JucePlugin_AAXManufacturerCode=JucePlugin_ManufacturerCode",
					"JucePlugin_AAXProductId=JucePlugin_PluginCode",
					"JucePlugin_AAXCategory=0",
					"JucePlugin_AAXDisableBypass=0",
					"JucePlugin_AAXDisableMultiMono=0",
					"JucePlugin_IAAType=0x61757278",
					"JucePlugin_IAASubType=JucePlugin_PluginCode",
					"JucePlugin_IAAName=\\\"GenuineSoundware:\\ PhaserTestProject\\\"",
					"JucePlugin_VSTNumMidiInputs=16",
					"JucePlugin_VSTNumMidiOutputs=16",
					"JucePlugin_MaxNumInputChannels=2",
					"JucePlugin_MaxNumOutputChannels=2",
					"JucePlugin_PreferredChannelConfigurations={2,2}",
					"JUCE_STANDALONE_APPLICATION=JucePlugin_Build_Standalone",
					"JUCER_XCODE_MAC_F6D2F4CF=1",
					"JUCE_APP_VERSION=1.0.0",
					"JUCE_APP_VERSION_HEX=0x10000",
					"JUCE_SHARED_CODE=1",
				);
				GCC_VERSION = com.apple.compilers.llvm.clang.1_0;
				HEADER_SEARCH_PATHS = (
					"$(HOME)/JUCE/modules/juce_audio_processors/format_types/VST3_SDK",
					"$(SRCROOT)/../../JuceLibraryCode",
					"$(HOME)/JUCE/modules",
					"$(HOME)/JUCE/modules/juce_audio_plugin_client",
					"$(inherited)",
				);
				INSTALL_PATH = "@executable_path/../Frameworks";
				LLVM_LTO = YES;
				MACOSX_DEPLOYMENT_TARGET = 10.11;
				MTL_HEADER_SEARCH_PATHS = "$(HOME)/JUCE/modules/juce_audio_processors/format_types/VST3_SDK $(SRCROOT)/../../JuceLibraryCode $(HOME)/JUCE/modules $(HOME)/JUCE/modules/juce_audio_plugin_client";
				PRODUCT_BUNDLE_IDENTIFIER = com.GenuineSoundware.PhaserTestProject;
				PRODUCT_NAME = "PhaserTestProject";
				SKIP_INSTALL = YES;
				USE_HEADERMAP = NO;
				VALID_ARCHS = "i386 x86_64 arm64 arm64e";
			};
			name = Release;
		};
		BEBBFCF5587EE758D697B1D8 /* Debug */ = {
			isa = XCBuildConfiguration;
			buildSettings = {
				CLANG_CXX_LANGUAGE_STANDARD = "c++14";
				CLANG_CXX_LIBRARY = "libc++";
				CLANG_LINK_OBJC_RUNTIME = NO;
				CODE_SIGN_IDENTITY = "";
				COMBINE_HIDPI_IMAGES = YES;
				CONFIGURATION_BUILD_DIR = "$(PROJECT_DIR)/build/$(CONFIGURATION)";
				COPY_PHASE_STRIP = NO;
				DEPLOYMENT_LOCATION = YES;
				DSTROOT = /;
				EXCLUDED_ARCHS = "";
				GCC_DYNAMIC_NO_PIC = NO;
				GCC_OPTIMIZATION_LEVEL = 0;
				GCC_PREPROCESSOR_DEFINITIONS = (
					"_DEBUG=1",
					"DEBUG=1",
					"JUCE_DISPLAY_SPLASH_SCREEN=0",
					"JUCE_USE_DARK_SPLASH_SCREEN=1",
					"JUCE_PROJUCER_VERSION=0x60106",
					"JUCE_MODULE_AVAILABLE_juce_audio_basics=1",
					"JUCE_MODULE_AVAILABLE_juce_audio_devices=1",
					"JUCE_MODULE_AVAILABLE_juce_audio_formats=1",
					"JUCE_MODULE_AVAILABLE_juce_audio_plugin_client=1",
					"JUCE_MODULE_AVAILABLE_juce_audio_processors=1",
					"JUCE_MODULE_AVAILABLE_juce_audio_utils=1",
					"JUCE_MODULE_AVAILABLE_juce_core=1",
					"JUCE_MODULE_AVAILABLE_juce_data_structures=1",
					"JUCE_MODULE_AVAILABLE_juce_events=1",
					"JUCE_MODULE_AVAILABLE_juce_graphics=1",
					"JUCE_MODULE_AVAILABLE_juce_gui_basics=1",
					"JUCE_MODULE_AVAILABLE_juce_gui_extra=1",
					"JUCE_GLOBAL_MODULE_SETTINGS_INCLUDED=1",
					"JUCE_VST3_CAN_REPLACE_VST2=0",
					"JUCE_STRICT_REFCOUNTEDPOINTER=1",
					"JucePlugin_Build_VST=0",
					"JucePlugin_Build_VST3=1",
					"JucePlugin_Build_AU=0",
					"JucePlugin_Build_AUv3=0",
					"JucePlugin_Build_RTAS=0",
					"JucePlugin_Build_AAX=0",
					"JucePlugin_Build_Standalone=0",
					"JucePlugin_Build_Unity=0",
					"JucePlugin_Enable_IAA=0",
					"JucePlugin_Name=\\\"PhaserTestProject\\\"",
					"JucePlugin_Desc=\\\"PhaserTestProject\\\"",
					"JucePlugin_Manufacturer=\\\"GenuineSoundware\\\"",
					"JucePlugin_ManufacturerWebsite=\\\"www.GenuineSoundware.com\\\"",
					"JucePlugin_ManufacturerEmail=\\\"\\\"",
					"JucePlugin_ManufacturerCode=0x47536930",
					"JucePlugin_PluginCode=0x47504854",
					"JucePlugin_IsSynth=0",
					"JucePlugin_WantsMidiInput=0",
					"JucePlugin_ProducesMidiOutput=0",
					"JucePlugin_IsMidiEffect=0",
					"JucePlugin_EditorRequiresKeyboardFocus=0",
					"JucePlugin_Version=1.0.0",
					"JucePlugin_VersionCode=0x10000",
					"JucePlugin_VersionString=\\\"1.0.0\\\"",
					"JucePlugin_VSTUniqueID=JucePlugin_PluginCode",
					"JucePlugin_VSTCategory=kPlugCategEffect",
					"JucePlugin_Vst3Category=\\\"Fx\\\"",
					"JucePlugin_AUMainType=\\'aufx\\'",
					"JucePlugin_AUSubType=JucePlugin_PluginCode",
					"JucePlugin_AUExportPrefix=PhaserTestProjectAU",
					"JucePlugin_AUExportPrefixQuoted=\\\"PhaserTestProjectAU\\\"",
					"JucePlugin_AUManufacturerCode=JucePlugin_ManufacturerCode",
					"JucePlugin_CFBundleIdentifier=com.GenuineSoundware.PhaserTestProject",
					"JucePlugin_RTASCategory=0",
					"JucePlugin_RTASManufacturerCode=JucePlugin_ManufacturerCode",
					"JucePlugin_RTASProductId=JucePlugin_PluginCode",
					"JucePlugin_RTASDisableBypass=0",
					"JucePlugin_RTASDisableMultiMono=0",
					"JucePlugin_AAXIdentifier=com.GenuineSoundware.PhaserTestProject",
					"JucePlugin_AAXManufacturerCode=JucePlugin_ManufacturerCode",
					"JucePlugin_AAXProductId=JucePlugin_PluginCode",
					"JucePlugin_AAXCategory=0",
					"JucePlugin_AAXDisableBypass=0",
					"JucePlugin_AAXDisableMultiMono=0",
					"JucePlugin_IAAType=0x61757278",
					"JucePlugin_IAASubType=JucePlugin_PluginCode",
					"JucePlugin_IAAName=\\\"GenuineSoundware:\\ PhaserTestProject\\\"",
					"JucePlugin_VSTNumMidiInputs=16",
					"JucePlugin_VSTNumMidiOutputs=16",
					"JucePlugin_MaxNumInputChannels=2",
					"JucePlugin_MaxNumOutputChannels=2",
					"JucePlugin_PreferredChannelConfigurations={2,2}",
					"JUCE_STANDALONE_APPLICATION=JucePlugin_Build_Standalone",
					"JUCER_XCODE_MAC_F6D2F4CF=1",
					"JUCE_APP_VERSION=1.0.0",
					"JUCE_APP_VERSION_HEX=0x10000",
				);
				GCC_VERSION = com.apple.compilers.llvm.clang.1_0;
				GENERATE_PKGINFO_FILE = YES;
				HEADER_SEARCH_PATHS = (
					"$(HOME)/JUCE/modules/juce_audio_processors/format_types/VST3_SDK",
					"$(SRCROOT)/../../JuceLibraryCode",
					"$(HOME)/JUCE/modules",
					"$(HOME)/JUCE/modules/juce_audio_plugin_client",
					"$(inherited)",
				);
				INFOPLIST_FILE = Info-VST3.plist;
				INFOPLIST_PREPROCESS = NO;
				INSTALL_PATH = "$(HOME)/Library/Audio/Plug-Ins/VST3/";
				LIBRARY_STYLE = Bundle;
				MACOSX_DEPLOYMENT_TARGET = 10.11;
				MTL_HEADER_SEARCH_PATHS = "$(HOME)/JUCE/modules/juce_audio_processors/format_types/VST3_SDK $(SRCROOT)/../../JuceLibraryCode $(HOME)/JUCE/modules $(HOME)/JUCE/modules/juce_audio_plugin_client";
				OTHER_LDFLAGS = "-bundle -lPhaserTestProject";
				PRODUCT_BUNDLE_IDENTIFIER = com.GenuineSoundware.PhaserTestProject;
				PRODUCT_NAME = "PhaserTestProject";
				USE_HEADERMAP = NO;
				VALID_ARCHS = "i386 x86_64 arm64 arm64e";
				WRAPPER_EXTENSION = vst3;
			};
			name = Debug;
		};
		D073089A81BB9C33528D3563 /* Release */ = {
			isa = XCBuildConfiguration;
			buildSettings = {
				CLANG_CXX_LANGUAGE_STANDARD = "c++14";
				CLANG_CXX_LIBRARY = "libc++";
				CLANG_LINK_OBJC_RUNTIME = NO;
				CODE_SIGN_IDENTITY = "";
				COMBINE_HIDPI_IMAGES = YES;
				CONFIGURATION_BUILD_DIR = "$(PROJECT_DIR)/build/$(CONFIGURATION)";
				DEAD_CODE_STRIPPING = YES;
				EXCLUDED_ARCHS = "";
				GCC_GENERATE_DEBUGGING_SYMBOLS = NO;
				GCC_OPTIMIZATION_LEVEL = 3;
				GCC_PREPROCESSOR_DEFINITIONS = (
					"_NDEBUG=1",
					"NDEBUG=1",
					"JUCE_DISPLAY_SPLASH_SCREEN=0",
					"JUCE_USE_DARK_SPLASH_SCREEN=1",
					"JUCE_PROJUCER_VERSION=0x60106",
					"JUCE_MODULE_AVAILABLE_juce_audio_basics=1",
					"JUCE_MODULE_AVAILABLE_juce_audio_devices=1",
					"JUCE_MODULE_AVAILABLE_juce_audio_formats=1",
					"JUCE_MODULE_AVAILABLE_juce_audio_plugin_client=1",
					"JUCE_MODULE_AVAILABLE_juce_audio_processors=1",
					"JUCE_MODULE_AVAILABLE_juce_audio_utils=1",
					"JUCE_MODULE_AVAILABLE_juce_core=1",
					"JUCE_MODULE_AVAILABLE_juce_data_structures=1",
					"JUCE_MODULE_AVAILABLE_juce_events=1",
					"JUCE_MODULE_AVAILABLE_juce_graphics=1",
					"JUCE_MODULE_AVAILABLE_juce_gui_basics=1",
					"JUCE_MODULE_AVAILABLE_juce_gui_extra=1",
					"JUCE_GLOBAL_MODULE_SETTINGS_INCLUDED=1",
					"JUCE_VST3_CAN_REPLACE_VST2=0",
					"JUCE_STRICT_REFCOUNTEDPOINTER=1",
					"JucePlugin_Build_VST=0",
					"JucePlugin_Build_VST3=0",
					"JucePlugin_Build_AU=0",
					"JucePlugin_Build_AUv3=0",
					"JucePlugin_Build_RTAS=0",
					"JucePlugin_Build_AAX=0",
					"JucePlugin_Build_Standalone=1",
					"JucePlugin_Build_Unity=0",
					"JucePlugin_Enable_IAA=0",
					"JucePlugin_Name=\\\"PhaserTestProject\\\"",
					"JucePlugin_Desc=\\\"PhaserTestProject\\\"",
					"JucePlugin_Manufacturer=\\\"GenuineSoundware\\\"",
					"JucePlugin_ManufacturerWebsite=\\\"www.GenuineSoundware.com\\\"",
					"JucePlugin_ManufacturerEmail=\\\"\\\"",
					"JucePlugin_ManufacturerCode=0x47536930",
					"JucePlugin_PluginCode=0x47504854",
					"JucePlugin_IsSynth=0",
					"JucePlugin_WantsMidiInput=0",
					"JucePlugin_ProducesMidiOutput=0",
					"JucePlugin_IsMidiEffect=0",
					"JucePlugin_EditorRequiresKeyboardFocus=0",
					"JucePlugin_Version=1.0.0",
					"JucePlugin_VersionCode=0x10000",
					"JucePlugin_VersionString=\\\"1.0.0\\\"",
					"JucePlugin_VSTUniqueID=JucePlugin_PluginCode",
					"JucePlugin_VSTCategory=kPlugCategEffect",
					"JucePlugin_Vst3Category=\\\"Fx\\\"",
					"JucePlugin_AUMainType=\\'aufx\\'",
					"JucePlugin_AUSubType=JucePlugin_PluginCode",
					"JucePlugin_AUExportPrefix=PhaserTestProjectAU",
					"JucePlugin_AUExportPrefixQuoted=\\\"PhaserTestProjectAU\\\"",
					"JucePlugin_AUManufacturerCode=JucePlugin_ManufacturerCode",
					"JucePlugin_CFBundleIdentifier=com.GenuineSoundware.PhaserTestProject",
					"JucePlugin_RTASCategory=0",
					"JucePlugin_RTASManufacturerCode=JucePlugin_ManufacturerCode",
					"JucePlugin_RTASProductId=JucePlugin_PluginCode",
					"JucePlugin_RTASDisableBypass=0",
					"JucePlugin_RTASDisableMultiMono=0",
					"JucePlugin_AAXIdentifier=com.GenuineSoundware.PhaserTestProject",
					"JucePlugin_AAXManufacturerCode=JucePlugin_ManufacturerCode",
					"JucePlugin_AAXProductId=JucePlugin_PluginCode",
					"JucePlugin_AAXCategory=0",
					"JucePlugin_AAXDisableBypass=0",
					"JucePlugin_AAXDisableMultiMono=0",
					"JucePlugin_IAAType=0x61757278",
					"JucePlugin_IAASubType=JucePlugin_PluginCode",
					"JucePlugin_IAAName=\\\"GenuineSoundware:\\ PhaserTestProject\\\"",
					"JucePlugin_VSTNumMidiInputs=16",
					"JucePlugin_VSTNumMidiOutputs=16",
					"JucePlugin_MaxNumInputChannels=2",
					"JucePlugin_MaxNumOutputChannels=2",
					"JucePlugin_PreferredChannelConfigurations={2,2}",
					"JUCE_STANDALONE_APPLICATION=JucePlugin_Build_Standalone",
					"JUCER_XCODE_MAC_F6D2F4CF=1",
					"JUCE_APP_VERSION=1.0.0",
					"JUCE_APP_VERSION_HEX=0x10000",
				);
				GCC_VERSION = com.apple.compilers.llvm.clang.1_0;
				HEADER_SEARCH_PATHS = (
					"$(HOME)/JUCE/modules/juce_audio_processors/format_types/VST3_SDK",
					"$(SRCROOT)/../../JuceLibraryCode",
					"$(HOME)/JUCE/modules",
					"$(HOME)/JUCE/modules/juce_audio_plugin_client",
					"$(inherited)",
				);
				INFOPLIST_FILE = Info-Standalone_Plugin.plist;
				INFOPLIST_PREPROCESS = NO;
				LLVM_LTO = YES;
				MACOSX_DEPLOYMENT_TARGET = 10.11;
				MTL_HEADER_SEARCH_PATHS = "$(HOME)/JUCE/modules/juce_audio_processors/format_types/VST3_SDK $(SRCROOT)/../../JuceLibraryCode $(HOME)/JUCE/modules $(HOME)/JUCE/modules/juce_audio_plugin_client";
				OTHER_LDFLAGS = "-lPhaserTestProject";
				PRODUCT_BUNDLE_IDENTIFIER = com.GenuineSoundware.PhaserTestProject;
				PRODUCT_NAME = "PhaserTestProject";
				USE_HEADERMAP = NO;
				VALID_ARCHS = "i386 x86_64 arm64 arm64e";
			};
			name = Release;
		};
		E2B6BEF3382EC991DA5FBF69 /* Debug */ = {
			isa = XCBuildConfiguration;
			buildSettings = {
				ALWAYS_SEARCH_USER_PATHS = NO;
				CLANG_ENABLE_OBJC_WEAK = YES;
				CLANG_WARN_BLOCK_CAPTURE_AUTORELEASING = YES;
				CLANG_WARN_BOOL_CONVERSION = YES;
				CLANG_WARN_COMMA = YES;
				CLANG_WARN_CONSTANT_CONVERSION = YES;
				CLANG_WARN_DEPRECATED_OBJC_IMPLEMENTATIONS = YES;
				CLANG_WARN_EMPTY_BODY = YES;
				CLANG_WARN_ENUM_CONVERSION = YES;
				CLANG_WARN_INFINITE_RECURSION = YES;
				CLANG_WARN_INT_CONVERSION = YES;
				CLANG_WARN_NON_LITERAL_NULL_CONVERSION = YES;
				CLANG_WARN_OBJC_IMPLICIT_RETAIN_SELF = YES;
				CLANG_WARN_OBJC_LITERAL_CONVERSION = YES;
				CLANG_WARN_RANGE_LOOP_ANALYSIS = YES;
				CLANG_WARN_STRICT_PROTOTYPES = YES;
				CLANG_WARN_SUSPICIOUS_MOVE = YES;
				CLANG_WARN_UNREACHABLE_CODE = YES;
				CLANG_WARN__DUPLICATE_METHOD_MATCH = YES;
				CODE_SIGN_IDENTITY = "";
				DEBUG_INFORMATION_FORMAT = dwarf;
				ENABLE_STRICT_OBJC_MSGSEND = YES;
				ENABLE_TESTABILITY = NO;
				GCC_C_LANGUAGE_STANDARD = c11;
				GCC_INLINES_ARE_PRIVATE_EXTERN = YES;
				GCC_MODEL_TUNING = G5;
				GCC_NO_COMMON_BLOCKS = YES;
				GCC_SYMBOLS_PRIVATE_EXTERN = YES;
				GCC_WARN_64_TO_32_BIT_CONVERSION = YES;
				GCC_WARN_ABOUT_RETURN_TYPE = YES;
				GCC_WARN_CHECK_SWITCH_STATEMENTS = YES;
				GCC_WARN_MISSING_PARENTHESES = YES;
				GCC_WARN_NON_VIRTUAL_DESTRUCTOR = YES;
				GCC_WARN_TYPECHECK_CALLS_TO_PRINTF = YES;
				GCC_WARN_UNDECLARED_SELECTOR = YES;
				GCC_WARN_UNINITIALIZED_AUTOS = YES;
				GCC_WARN_UNUSED_FUNCTION = YES;
				GCC_WARN_UNUSED_VARIABLE = YES;
				ONLY_ACTIVE_ARCH = YES;
				PRODUCT_NAME = "PhaserTestProject";
				SDKROOT = macosx;
				WARNING_CFLAGS = "-Wreorder";
				ZERO_LINK = NO;
			};
			name = Debug;
		};
/* End XCBuildConfiguration section */

/* Begin XCConfigurationList section */
		04DC932E941BC1EA3EBF0E84 = {
			isa = XCConfigurationList;
			buildConfigurations = (
				9303CF5967CCADC99E1C3A3F,
				8E5706F4D532C3E42A55120F,
			);
			defaultConfigurationIsVisible = 0;
			defaultConfigurationName = Debug;
		};
		069A839A43F0374B94ECBB34 = {
			isa = XCConfigurationList;
			buildConfigurations = (
				29DB8B949E14832390180385,
				991E0E6066DB65C84BEA8F0E,
			);
			defaultConfigurationIsVisible = 0;
			defaultConfigurationName = Debug;
		};
		4921EE033D0FED22B725BBE4 = {
			isa = XCConfigurationList;
			buildConfigurations = (
				578360BD349F309EE30361B1,
				E2B6BEF3382EC991DA5FBF69,
			);
			defaultConfigurationIsVisible = 0;
			defaultConfigurationName = Debug;
		};
		AF5670F3E01889472F625AF3 = {
			isa = XCConfigurationList;
			buildConfigurations = (
				58199DFB9D6CCD31C34BA601,
				D073089A81BB9C33528D3563,
			);
			defaultConfigurationIsVisible = 0;
			defaultConfigurationName = Debug;
		};
		DC36E52FA39E84FCDE720B23 = {
			isa = XCConfigurationList;
			buildConfigurations = (
				BEBBFCF5587EE758D697B1D8,
				0AC54C32E0E34C83A471AE6B,
			);
			defaultConfigurationIsVisible = 0;
			defaultConfigurationName = Debug;
		};
/* End XCConfigurationList section */
	};
	rootObject = 4FD92B22B893724ED3DAB83B /* Project object */;
}
